{
  "name": "auth-middleware",
  "version": "1.0.0",
  "lockfileVersion": 2,
  "requires": true,
  "packages": {
    "": {
      "name": "auth-middleware",
      "version": "1.0.0",
      "license": "Apache-2.0",
      "dependencies": {
        "request": "0.0.1",
        "request-promise": "^0.0.1"
      }
    },
    "node_modules/bluebird": {
      "version": "0.7.9-1",
      "resolved": "https://registry.npmjs.org/bluebird/-/bluebird-0.7.9-1.tgz",
      "integrity": "sha512-HE4g213pocdsdLjl3kSny6rpZLLd/khQRBaNY4U/XcoFVz1MqxlFoORGywrF0J26ShY9jrDaLJJlkYep1NW23A=="
    },
    "node_modules/request-promise": {
      "version": "0.0.1",
      "resolved": "https://registry.npmjs.org/request-promise/-/request-promise-0.0.1.tgz",
      "integrity": "sha512-PdwXlP84xsqxb5kCAk9AJ2pbu/GIjsI+mpv9t3ZXl1CMwg16xTZk1SvCpt+u55K5sCry/9E0sY74OGQCYy4XNw==",
      "deprecated": "request-promise has been deprecated because it extends the now deprecated request package, see https://github.com/request/request/issues/3142",
      "dependencies": {
        "bluebird": "~0.7.9-1"
      }
    }
  },
  "dependencies": {
    "bluebird": {
      "version": "0.7.9-1",
      "resolved": "https://registry.npmjs.org/bluebird/-/bluebird-0.7.9-1.tgz",
      "integrity": "sha512-HE4g213pocdsdLjl3kSny6rpZLLd/khQRBaNY4U/XcoFVz1MqxlFoORGywrF0J26ShY9jrDaLJJlkYep1NW23A=="
    },
    "request-promise": {
      "version": "0.0.1",
      "resolved": "https://registry.npmjs.org/request-promise/-/request-promise-0.0.1.tgz",
      "integrity": "sha512-PdwXlP84xsqxb5kCAk9AJ2pbu/GIjsI+mpv9t3ZXl1CMwg16xTZk1SvCpt+u55K5sCry/9E0sY74OGQCYy4XNw==",
      "requires": {
        "bluebird": "~0.7.9-1"
      }
    }
  }
}
